
Microsoft Visual Studio Solution File, Format Version 12.00
# Visual Studio 15
VisualStudioVersion = 15.0.27004.2009
MinimumVisualStudioVersion = 10.0.40219.1
Project("{8BC9CEB8-8B4A-11D0-8D11-00A0C91BC942}") = "Flatpack", "Flatpack.vcxproj", "{D7CBB035-8CC0-4576-9C72-5076E079586B}"
EndProject
Global
	GlobalSection(SolutionConfigurationPlatforms) = preSolution
		Debug|Default = Debug|Default
		Release|Default = Release|Default
	EndGlobalSection
	GlobalSection(ProjectConfigurationPlatforms) = postSolution
		{D7CBB035-8CC0-4576-9C72-5076E079586B}.Debug|Default.ActiveCfg = Debug|x64
		{D7CBB035-8CC0-4576-9C72-5076E079586B}.Debug|Default.Build.0 = Debug|x64
		{D7CBB035-8CC0-4576-9C72-5076E079586B}.Release|Default.ActiveCfg = Release|x64
	EndGlobalSection
	GlobalSection(SolutionProperties) = preSolution
		HideSolutionNode = FALSE
	EndGlobalSection
	GlobalSection(ExtensibilityGlobals) = postSolution
		SolutionGuid = {5A9B2238-43E7-48FA-9D58-4251140FFF64}
	EndGlobalSection
EndGlobal
